
Microsoft Visual Studio Solution File, Format Version 12.00
# Visual Studio Version 16
VisualStudioVersion = 16.0.32002.261
MinimumVisualStudioVersion = 10.0.40219.1
Project("{FAE04EC0-301F-11D3-BF4B-00C04F79EFBC}") = "ConsoleApp5", "ConsoleApp5\ConsoleApp5.csproj", "{8ACC3643-091F-4BEE-9168-261CF9F44050}"
EndProject
Global
	GlobalSection(SolutionConfigurationPlatforms) = preSolution
		Debug|Any CPU = Debug|Any CPU
		Release|Any CPU = Release|Any CPU
	EndGlobalSection
	GlobalSection(ProjectConfigurationPlatforms) = postSolution
		{8ACC3643-091F-4BEE-9168-261CF9F44050}.Debug|Any CPU.ActiveCfg = Debug|Any CPU
		{8ACC3643-091F-4BEE-9168-261CF9F44050}.Debug|Any CPU.Build.0 = Debug|Any CPU
		{8ACC3643-091F-4BEE-9168-261CF9F44050}.Release|Any CPU.ActiveCfg = Release|Any CPU
		{8ACC3643-091F-4BEE-9168-261CF9F44050}.Release|Any CPU.Build.0 = Release|Any CPU
	EndGlobalSection
	GlobalSection(SolutionProperties) = preSolution
		HideSolutionNode = FALSE
	EndGlobalSection
	GlobalSection(ExtensibilityGlobals) = postSolution
		SolutionGuid = {39A0AB54-77F4-4930-81EA-2A97DC6D5F04}
	EndGlobalSection
EndGlobal
